
Microsoft Visual Studio Solution File, Format Version 12.00
# Visual Studio Version 16
VisualStudioVersion = 16.0.29503.13
MinimumVisualStudioVersion = 10.0.40219.1
Project("{8BC9CEB8-8B4A-11D0-8D11-00A0C91BC942}") = "miniDictionary", "miniDictionary\miniDictionary.vcxproj", "{BD312B90-4009-48D2-8987-8E463D9BED50}"
EndProject
Project("{8BC9CEB8-8B4A-11D0-8D11-00A0C91BC942}") = "miniDictionary-tests", "miniDictionary-tests\miniDictionary-tests.vcxproj", "{C2374E40-96AB-415E-9262-11C6025F8DAC}"
EndProject
Global
	GlobalSection(SolutionConfigurationPlatforms) = preSolution
		Debug|x64 = Debug|x64
		Debug|x86 = Debug|x86
		Release|x64 = Release|x64
		Release|x86 = Release|x86
	EndGlobalSection
	GlobalSection(ProjectConfigurationPlatforms) = postSolution
		{BD312B90-4009-48D2-8987-8E463D9BED50}.Debug|x64.ActiveCfg = Debug|x64
		{BD312B90-4009-48D2-8987-8E463D9BED50}.Debug|x64.Build.0 = Debug|x64
		{BD312B90-4009-48D2-8987-8E463D9BED50}.Debug|x86.ActiveCfg = Debug|Win32
		{BD312B90-4009-48D2-8987-8E463D9BED50}.Debug|x86.Build.0 = Debug|Win32
		{BD312B90-4009-48D2-8987-8E463D9BED50}.Release|x64.ActiveCfg = Release|x64
		{BD312B90-4009-48D2-8987-8E463D9BED50}.Release|x64.Build.0 = Release|x64
		{BD312B90-4009-48D2-8987-8E463D9BED50}.Release|x86.ActiveCfg = Release|Win32
		{BD312B90-4009-48D2-8987-8E463D9BED50}.Release|x86.Build.0 = Release|Win32
		{C2374E40-96AB-415E-9262-11C6025F8DAC}.Debug|x64.ActiveCfg = Debug|x64
		{C2374E40-96AB-415E-9262-11C6025F8DAC}.Debug|x64.Build.0 = Debug|x64
		{C2374E40-96AB-415E-9262-11C6025F8DAC}.Debug|x86.ActiveCfg = Debug|Win32
		{C2374E40-96AB-415E-9262-11C6025F8DAC}.Debug|x86.Build.0 = Debug|Win32
		{C2374E40-96AB-415E-9262-11C6025F8DAC}.Release|x64.ActiveCfg = Release|x64
		{C2374E40-96AB-415E-9262-11C6025F8DAC}.Release|x64.Build.0 = Release|x64
		{C2374E40-96AB-415E-9262-11C6025F8DAC}.Release|x86.ActiveCfg = Release|Win32
		{C2374E40-96AB-415E-9262-11C6025F8DAC}.Release|x86.Build.0 = Release|Win32
	EndGlobalSection
	GlobalSection(SolutionProperties) = preSolution
		HideSolutionNode = FALSE
	EndGlobalSection
	GlobalSection(ExtensibilityGlobals) = postSolution
		SolutionGuid = {E7C9AD96-AC28-4C86-BF74-3CDA10E40223}
	EndGlobalSection
EndGlobal
